
Microsoft Visual Studio Solution File, Format Version 12.00
# Visual Studio 15
VisualStudioVersion = 15.0.27428.1
MinimumVisualStudioVersion = 10.0.40219.1
Project("{FAE04EC0-301F-11D3-BF4B-00C04F79EFBC}") = "A-Level_HW_3", "A-Level_HW_3\A-Level_HW_3.csproj", "{8E09C879-C25C-4E6F-8C13-415A316575B1}"
EndProject
Global
	GlobalSection(SolutionConfigurationPlatforms) = preSolution
		Debug|Any CPU = Debug|Any CPU
		Release|Any CPU = Release|Any CPU
	EndGlobalSection
	GlobalSection(ProjectConfigurationPlatforms) = postSolution
		{8E09C879-C25C-4E6F-8C13-415A316575B1}.Debug|Any CPU.ActiveCfg = Debug|Any CPU
		{8E09C879-C25C-4E6F-8C13-415A316575B1}.Debug|Any CPU.Build.0 = Debug|Any CPU
		{8E09C879-C25C-4E6F-8C13-415A316575B1}.Release|Any CPU.ActiveCfg = Release|Any CPU
		{8E09C879-C25C-4E6F-8C13-415A316575B1}.Release|Any CPU.Build.0 = Release|Any CPU
	EndGlobalSection
	GlobalSection(SolutionProperties) = preSolution
		HideSolutionNode = FALSE
	EndGlobalSection
	GlobalSection(ExtensibilityGlobals) = postSolution
		SolutionGuid = {91A20B0C-A401-49BC-9BD1-4FB6E23FCAA9}
	EndGlobalSection
EndGlobal
